
Microsoft Visual Studio Solution File, Format Version 12.00
# Visual Studio 15
VisualStudioVersion = 15.0.28010.2036
MinimumVisualStudioVersion = 10.0.40219.1
Project("{FAE04EC0-301F-11D3-BF4B-00C04F79EFBC}") = "AbaxOppgave", "AbaxOppgave\AbaxOppgave.csproj", "{1F3DFC63-E66A-4098-9F14-F19BA4CAEBFC}"
EndProject
Global
	GlobalSection(SolutionConfigurationPlatforms) = preSolution
		Debug|Any CPU = Debug|Any CPU
		Release|Any CPU = Release|Any CPU
	EndGlobalSection
	GlobalSection(ProjectConfigurationPlatforms) = postSolution
		{1F3DFC63-E66A-4098-9F14-F19BA4CAEBFC}.Debug|Any CPU.ActiveCfg = Debug|Any CPU
		{1F3DFC63-E66A-4098-9F14-F19BA4CAEBFC}.Debug|Any CPU.Build.0 = Debug|Any CPU
		{1F3DFC63-E66A-4098-9F14-F19BA4CAEBFC}.Release|Any CPU.ActiveCfg = Release|Any CPU
		{1F3DFC63-E66A-4098-9F14-F19BA4CAEBFC}.Release|Any CPU.Build.0 = Release|Any CPU
	EndGlobalSection
	GlobalSection(SolutionProperties) = preSolution
		HideSolutionNode = FALSE
	EndGlobalSection
	GlobalSection(ExtensibilityGlobals) = postSolution
		SolutionGuid = {924E0715-C5FF-4BAB-B404-BB081CB114D3}
	EndGlobalSection
EndGlobal
